{
  "name": "data2",
  "version": "1.0.0",
  "lockfileVersion": 1,
  "requires": true,
  "dependencies": {
    "@types/bootstrap": {
      "version": "3.3.38",
      "resolved": "https://registry.npmjs.org/@types/bootstrap/-/bootstrap-3.3.38.tgz",
      "integrity": "sha512-4xQW+vu2UTtQZstpNcyoJQDuTT6kLb/Cpi8pF10JZtUtlqoCrDRJDTVeJ9tU6GQIi8tnwR6cNPu65F/pc8v1PA==",
      "requires": {
        "@types/jquery": "3.3.0"
      }
    },
    "@types/jquery": {
      "version": "3.3.0",
      "resolved": "https://registry.npmjs.org/@types/jquery/-/jquery-3.3.0.tgz",
      "integrity": "sha512-szaKV2OQgwxYTGTY6qd9eeBfGGCaP7n2OGit4JdbOcfGgc9VWjfhMhnu5AVNhIAu8WWDIB36q9dfPVba1fGeIQ=="
    },
    "bobril": {
      "version": "8.4.1",
      "resolved": "https://registry.npmjs.org/bobril/-/bobril-8.4.1.tgz",
      "integrity": "sha512-nDIepT+wCP4M6GbzxC7wJa9ws+4xJYjyvWDddkBQw1g1y8UNEbO245LyI1/v9x4Va9CKKbc0YbecqDIV7nqotg=="
    },
    "bobril-flex-ie10": {
      "version": "1.1.1",
      "resolved": "https://registry.npmjs.org/bobril-flex-ie10/-/bobril-flex-ie10-1.1.1.tgz",
      "integrity": "sha1-GBuZj5QrVQNpNPChHn2F2GielpA=",
      "requires": {
        "bobril": "8.4.1"
      }
    },
    "bobril-m": {
      "version": "0.12.5",
      "resolved": "https://registry.npmjs.org/bobril-m/-/bobril-m-0.12.5.tgz",
      "integrity": "sha512-SrjLYDHsie/BoIKRV7h0eDYasHlrv+owpr5Ct9U+FIxeuNvKBtRVh86wb0eNrUzWZIhAY2QE2XRQFCoRBTkhdg==",
      "requires": {
        "bobril": "8.4.1",
        "bobril-flex-ie10": "1.1.1",
        "bobril-m-icons": "2.1.0",
        "webfontloader": "1.6.28"
      }
    },
    "bobril-m-icons": {
      "version": "2.1.0",
      "resolved": "https://registry.npmjs.org/bobril-m-icons/-/bobril-m-icons-2.1.0.tgz",
      "integrity": "sha1-MvgdUVp/r3H4V6LtG2N+xWb0Fh8=",
      "requires": {
        "bobril": "8.4.1"
      }
    },
    "bobrilstrap": {
      "version": "3.0.0",
      "resolved": "https://registry.npmjs.org/bobrilstrap/-/bobrilstrap-3.0.0.tgz",
      "integrity": "sha512-y5LUc8bVvkcvAa0PY52uWB0N1zbcbNM2VuN3HJpgT7WXt8m7OC3r/bZJPhUjlqo7N1scOKJJbW3M20trjrrTag==",
      "requires": {
        "@types/bootstrap": "3.3.38",
        "@types/jquery": "3.3.0",
        "bobril": "8.4.1",
        "bootstrap": "3.3.7",
        "bootstrap-3-typeahead": "4.0.2",
        "jquery": "3.3.1"
      }
    },
    "bootstrap": {
      "version": "3.3.7",
      "resolved": "https://registry.npmjs.org/bootstrap/-/bootstrap-3.3.7.tgz",
      "integrity": "sha1-WjiTlFSfIzMIdaOxUGVldPip63E="
    },
    "bootstrap-3-typeahead": {
      "version": "4.0.2",
      "resolved": "https://registry.npmjs.org/bootstrap-3-typeahead/-/bootstrap-3-typeahead-4.0.2.tgz",
      "integrity": "sha1-yxyWkESFaGIJb8jHHMIbOsu1BBI="
    },
    "jquery": {
      "version": "3.3.1",
      "resolved": "https://registry.npmjs.org/jquery/-/jquery-3.3.1.tgz",
      "integrity": "sha512-Ubldcmxp5np52/ENotGxlLe6aGMvmF4R8S6tZjsP6Knsaxd/xp3Zrh50cG93lR6nPXyUFwzN3ZSOQI0wRJNdGg=="
    },
    "prettier": {
      "version": "1.10.2",
      "resolved": "https://registry.npmjs.org/prettier/-/prettier-1.10.2.tgz",
      "integrity": "sha512-TcdNoQIWFoHblurqqU6d1ysopjq7UX0oRcT/hJ8qvBAELiYWn+Ugf0AXdnzISEJ7vuhNnQ98N8jR8Sh53x4IZg=="
    },
    "webfontloader": {
      "version": "1.6.28",
      "resolved": "https://registry.npmjs.org/webfontloader/-/webfontloader-1.6.28.tgz",
      "integrity": "sha1-23hhKSU8tujq5UwvsF+HCvZnW64="
    }
  }
}
